
Microsoft Visual Studio Solution File, Format Version 12.00
# Visual Studio Version 17
VisualStudioVersion = 17.4.33205.214
MinimumVisualStudioVersion = 10.0.40219.1
Project("{FAE04EC0-301F-11D3-BF4B-00C04F79EFBC}") = "Ftr_pt2", "Ftr_pt2.csproj", "{910CC1AD-6E06-4387-B91F-01DA6829A01E}"
EndProject
Global
	GlobalSection(SolutionConfigurationPlatforms) = preSolution
		Debug|Any CPU = Debug|Any CPU
		Release|Any CPU = Release|Any CPU
	EndGlobalSection
	GlobalSection(ProjectConfigurationPlatforms) = postSolution
		{910CC1AD-6E06-4387-B91F-01DA6829A01E}.Debug|Any CPU.ActiveCfg = Debug|Any CPU
		{910CC1AD-6E06-4387-B91F-01DA6829A01E}.Debug|Any CPU.Build.0 = Debug|Any CPU
		{910CC1AD-6E06-4387-B91F-01DA6829A01E}.Release|Any CPU.ActiveCfg = Release|Any CPU
		{910CC1AD-6E06-4387-B91F-01DA6829A01E}.Release|Any CPU.Build.0 = Release|Any CPU
	EndGlobalSection
	GlobalSection(SolutionProperties) = preSolution
		HideSolutionNode = FALSE
	EndGlobalSection
	GlobalSection(ExtensibilityGlobals) = postSolution
		SolutionGuid = {FE6EC0EB-F85C-4147-B8CD-B2E92859A566}
	EndGlobalSection
EndGlobal
